
Microsoft Visual Studio Solution File, Format Version 12.00
# Visual Studio Version 17
VisualStudioVersion = 17.2.32630.192
MinimumVisualStudioVersion = 10.0.40219.1
Project("{FAE04EC0-301F-11D3-BF4B-00C04F79EFBC}") = "SFUnit13_Task1", "SFUnit13_Task1\SFUnit13_Task1.csproj", "{21A8FBA6-8A8A-4FD1-8B52-A72423257DAF}"
EndProject
Global
	GlobalSection(SolutionConfigurationPlatforms) = preSolution
		Debug|Any CPU = Debug|Any CPU
		Release|Any CPU = Release|Any CPU
	EndGlobalSection
	GlobalSection(ProjectConfigurationPlatforms) = postSolution
		{21A8FBA6-8A8A-4FD1-8B52-A72423257DAF}.Debug|Any CPU.ActiveCfg = Debug|Any CPU
		{21A8FBA6-8A8A-4FD1-8B52-A72423257DAF}.Debug|Any CPU.Build.0 = Debug|Any CPU
		{21A8FBA6-8A8A-4FD1-8B52-A72423257DAF}.Release|Any CPU.ActiveCfg = Release|Any CPU
		{21A8FBA6-8A8A-4FD1-8B52-A72423257DAF}.Release|Any CPU.Build.0 = Release|Any CPU
	EndGlobalSection
	GlobalSection(SolutionProperties) = preSolution
		HideSolutionNode = FALSE
	EndGlobalSection
	GlobalSection(ExtensibilityGlobals) = postSolution
		SolutionGuid = {21887A0C-05C8-4A47-BE7D-7189634E4B55}
	EndGlobalSection
EndGlobal
